
Microsoft Visual Studio Solution File, Format Version 12.00
# Visual Studio Version 16
VisualStudioVersion = 16.0.31112.23
MinimumVisualStudioVersion = 10.0.40219.1
Project("{8BC9CEB8-8B4A-11D0-8D11-00A0C91BC942}") = "Refactoring", "Refactoring\Refactoring.vcxproj", "{676560CA-18A8-4D14-9E97-A539CDCE80BE}"
EndProject
Global
	GlobalSection(SolutionConfigurationPlatforms) = preSolution
		Debug|x64 = Debug|x64
		Debug|x86 = Debug|x86
		Release|x64 = Release|x64
		Release|x86 = Release|x86
	EndGlobalSection
	GlobalSection(ProjectConfigurationPlatforms) = postSolution
		{676560CA-18A8-4D14-9E97-A539CDCE80BE}.Debug|x64.ActiveCfg = Debug|x64
		{676560CA-18A8-4D14-9E97-A539CDCE80BE}.Debug|x64.Build.0 = Debug|x64
		{676560CA-18A8-4D14-9E97-A539CDCE80BE}.Debug|x86.ActiveCfg = Debug|Win32
		{676560CA-18A8-4D14-9E97-A539CDCE80BE}.Debug|x86.Build.0 = Debug|Win32
		{676560CA-18A8-4D14-9E97-A539CDCE80BE}.Release|x64.ActiveCfg = Release|x64
		{676560CA-18A8-4D14-9E97-A539CDCE80BE}.Release|x64.Build.0 = Release|x64
		{676560CA-18A8-4D14-9E97-A539CDCE80BE}.Release|x86.ActiveCfg = Release|Win32
		{676560CA-18A8-4D14-9E97-A539CDCE80BE}.Release|x86.Build.0 = Release|Win32
	EndGlobalSection
	GlobalSection(SolutionProperties) = preSolution
		HideSolutionNode = FALSE
	EndGlobalSection
	GlobalSection(ExtensibilityGlobals) = postSolution
		SolutionGuid = {B2B801B5-7836-49B0-951B-72296E5C0F16}
	EndGlobalSection
EndGlobal
