<?xml version="1.0" encoding="utf-8"?>
<Project ToolsVersion="4.0" xmlns="http://schemas.microsoft.com/developer/msbuild/2003">
  <ItemGroup>
    <Filter Include="Исходные файлы">
      <UniqueIdentifier>{4FC737F1-C7A5-4376-A066-2A32D752A2FF}</UniqueIdentifier>
      <Extensions>cpp;c;cc;cxx;c++;cppm;ixx;def;odl;idl;hpj;bat;asm;asmx</Extensions>
    </Filter>
    <Filter Include="Файлы заголовков">
      <UniqueIdentifier>{93995380-89BD-4b04-88EB-625FBE52EBFB}</UniqueIdentifier>
      <Extensions>h;hh;hpp;hxx;h++;hm;inl;inc;ipp;xsd</Extensions>
    </Filter>
    <Filter Include="Файлы ресурсов">
      <UniqueIdentifier>{67DA6AB6-F800-4c08-8B7A-83BB121AAD01}</UniqueIdentifier>
      <Extensions>rc;ico;cur;bmp;dlg;rc2;rct;bin;rgs;gif;jpg;jpeg;jpe;resx;tiff;tif;png;wav;mfcribbon-ms</Extensions>
    </Filter>
  </ItemGroup>
  <ItemGroup>
    <ClInclude Include="Storage.h">
      <Filter>Файлы заголовков</Filter>
    </ClInclude>
    <ClInclude Include="AbstractFactory.h">
      <Filter>Файлы заголовков</Filter>
    </ClInclude>
    <ClInclude Include="CarTransport.h">
      <Filter>Файлы заголовков</Filter>
    </ClInclude>
    <ClInclude Include="ConcreteFactory.h">
      <Filter>Файлы заголовков</Filter>
    </ClInclude>
    <ClInclude Include="ConcreteFirstStrategy.h">
      <Filter>Файлы заголовков</Filter>
    </ClInclude>
    <ClInclude Include="Order.h">
      <Filter>Файлы заголовков</Filter>
    </ClInclude>
    <ClInclude Include="PlaneTransport.h">
      <Filter>Файлы заголовков</Filter>
    </ClInclude>
    <ClInclude Include="Strategy.h">
      <Filter>Файлы заголовков</Filter>
    </ClInclude>
    <ClInclude Include="Track.h">
      <Filter>Файлы заголовков</Filter>
    </ClInclude>
    <ClInclude Include="TrainTransport.h">
      <Filter>Файлы заголовков</Filter>
    </ClInclude>
    <ClInclude Include="Transport.h">
      <Filter>Файлы заголовков</Filter>
    </ClInclude>
    <ClInclude Include="ConcreteSecondStrategy.h">
      <Filter>Файлы заголовков</Filter>
    </ClInclude>
    <ClInclude Include="ConcreteThirdStrategy.h">
      <Filter>Файлы заголовков</Filter>
    </ClInclude>
    <ClInclude Include="ConcreteFourthStrategy.h">
      <Filter>Файлы заголовков</Filter>
    </ClInclude>
    <ClInclude Include="Context.h">
      <Filter>Файлы заголовков</Filter>
    </ClInclude>
  </ItemGroup>
  <ItemGroup>
    <ClCompile Include="Source.cpp">
      <Filter>Исходные файлы</Filter>
    </ClCompile>
    <ClCompile Include="AbstractFactory.cpp">
      <Filter>Исходные файлы</Filter>
    </ClCompile>
    <ClCompile Include="CarTransport.cpp">
      <Filter>Исходные файлы</Filter>
    </ClCompile>
    <ClCompile Include="ConcreteFactory.cpp">
      <Filter>Исходные файлы</Filter>
    </ClCompile>
    <ClCompile Include="ConcreteFirstStrategy.cpp">
      <Filter>Исходные файлы</Filter>
    </ClCompile>
    <ClCompile Include="Order.cpp">
      <Filter>Исходные файлы</Filter>
    </ClCompile>
    <ClCompile Include="PlaneTransport.cpp">
      <Filter>Исходные файлы</Filter>
    </ClCompile>
    <ClCompile Include="Strategy.cpp">
      <Filter>Исходные файлы</Filter>
    </ClCompile>
    <ClCompile Include="Track.cpp">
      <Filter>Исходные файлы</Filter>
    </ClCompile>
    <ClCompile Include="TrainTransport.cpp">
      <Filter>Исходные файлы</Filter>
    </ClCompile>
    <ClCompile Include="Transport.cpp">
      <Filter>Исходные файлы</Filter>
    </ClCompile>
    <ClCompile Include="ConcreteSecondStrategy.cpp">
      <Filter>Исходные файлы</Filter>
    </ClCompile>
    <ClCompile Include="ConcreteThirdStrategy.cpp">
      <Filter>Исходные файлы</Filter>
    </ClCompile>
    <ClCompile Include="ConcreteFourthStrategy.cpp">
      <Filter>Исходные файлы</Filter>
    </ClCompile>
    <ClCompile Include="Context.cpp">
      <Filter>Исходные файлы</Filter>
    </ClCompile>
  </ItemGroup>
</Project>